{
    "_readme": [
        "This file locks the dependencies of your project to a known state",
        "Read more about it at http://getcomposer.org/doc/01-basic-usage.md#composer-lock-the-lock-file"
    ],
    "hash": "ec5f1dba84cd5e954695155d8da71d96",
    "packages": [
        {
            "name": "malenki/ansi",
            "version": "dev-master",
            "source": {
                "type": "git",
                "url": "https://github.com/malenkiki/ansi.git",
                "reference": "0333e9b36022b1c7da46be0bace2b41ce865df3c"
            },
            "dist": {
                "type": "zip",
                "url": "https://api.github.com/repos/malenkiki/ansi/zipball/0333e9b36022b1c7da46be0bace2b41ce865df3c",
                "reference": "0333e9b36022b1c7da46be0bace2b41ce865df3c",
                "shasum": ""
            },
            "require": {
                "php": ">=5.3.0"
            },
            "type": "library",
            "autoload": {
                "psr-0": {
                    "Malenki": "src/"
                }
            },
            "notification-url": "https://packagist.org/downloads/",
            "license": [
                "MIT"
            ],
            "authors": [
                {
                    "name": "Michel Petit",
                    "email": "petit.michel@gmail.com",
                    "role": "Developer"
                }
            ],
            "description": "Simple class to put some colors into your CLI PHP apps!",
            "homepage": "https://github.com/malenkiki/ansi",
            "keywords": [
                "ansi",
                "cli",
                "colors"
            ],
            "time": "2014-03-03 12:56:07"
        },
        {
            "name": "malenki/argile",
            "version": "dev-master",
            "source": {
                "type": "git",
                "url": "https://github.com/malenkiki/argile.git",
                "reference": "0d4333f81d3cd64c3128216e3ebda1b97bc8dc65"
            },
            "dist": {
                "type": "zip",
                "url": "https://api.github.com/repos/malenkiki/argile/zipball/0d4333f81d3cd64c3128216e3ebda1b97bc8dc65",
                "reference": "0d4333f81d3cd64c3128216e3ebda1b97bc8dc65",
                "shasum": ""
            },
            "require": {
                "malenki/ansi": ">=1.2.3",
                "malenki/bah": ">=0.9.1",
                "php": ">=5.3.0"
            },
            "type": "library",
            "autoload": {
                "psr-0": {
                    "Malenki\\Argile": "src/"
                }
            },
            "notification-url": "https://packagist.org/downloads/",
            "license": [
                "MIT"
            ],
            "authors": [
                {
                    "name": "Michel Petit",
                    "email": "petit.michel@gmail.com",
                    "role": "Developer"
                }
            ],
            "description": "CLI app now easy when using args!",
            "homepage": "https://github.com/malenkiki/argile",
            "keywords": [
                "arg",
                "cli",
                "optget"
            ],
            "time": "2014-02-26 12:51:50"
        },
        {
            "name": "malenki/bah",
            "version": "dev-master",
            "source": {
                "type": "git",
                "url": "https://github.com/malenkiki/bah.git",
                "reference": "997492beb2f18cb583696098c4dfb3506684308e"
            },
            "dist": {
                "type": "zip",
                "url": "https://api.github.com/repos/malenkiki/bah/zipball/997492beb2f18cb583696098c4dfb3506684308e",
                "reference": "997492beb2f18cb583696098c4dfb3506684308e",
                "shasum": ""
            },
            "require": {
                "ext-mbstring": "*",
                "php": ">=5.3.0"
            },
            "type": "library",
            "autoload": {
                "psr-0": {
                    "Malenki\\Bah": "src/"
                }
            },
            "notification-url": "https://packagist.org/downloads/",
            "license": [
                "MIT"
            ],
            "authors": [
                {
                    "name": "Michel Petit",
                    "email": "petit.michel@gmail.com",
                    "role": "Developer"
                }
            ],
            "description": "Classes to use in place of array, string, integer PHP primitives",
            "homepage": "https://github.com/malenkiki/bah",
            "keywords": [
                "array",
                "number",
                "string"
            ],
            "time": "2014-03-01 18:25:37"
        }
    ],
    "packages-dev": [

    ],
    "aliases": [

    ],
    "minimum-stability": "dev",
    "stability-flags": [

    ],
    "platform": {
        "php": ">=5.3.0"
    },
    "platform-dev": [

    ]
}
